
Microsoft Visual Studio Solution File, Format Version 11.00
# Visual Studio 2010
Project("{E24C65DC-7377-472B-9ABA-BC803B73C61A}") = "Newsletter", "..\", "{6A3552AC-8313-4427-A7AA-F3D19845EECE}"
	ProjectSection(WebsiteProperties) = preProject
		TargetFrameworkMoniker = ".NETFramework,Version%3Dv4.0"
		Debug.AspNetCompiler.VirtualPath = "/Newsletter"
		Debug.AspNetCompiler.PhysicalPath = "..\..\Newsletter\"
		Debug.AspNetCompiler.TargetPath = "PrecompiledWeb\Newsletter\"
		Debug.AspNetCompiler.Updateable = "true"
		Debug.AspNetCompiler.ForceOverwrite = "true"
		Debug.AspNetCompiler.FixedNames = "false"
		Debug.AspNetCompiler.Debug = "True"
		Release.AspNetCompiler.VirtualPath = "/Newsletter"
		Release.AspNetCompiler.PhysicalPath = "..\..\Newsletter\"
		Release.AspNetCompiler.TargetPath = "PrecompiledWeb\Newsletter\"
		Release.AspNetCompiler.Updateable = "true"
		Release.AspNetCompiler.ForceOverwrite = "true"
		Release.AspNetCompiler.FixedNames = "false"
		Release.AspNetCompiler.Debug = "False"
		VWDPort = "58002"
		DefaultWebSiteLanguage = "Visual C#"
	EndProjectSection
EndProject
Global
	GlobalSection(SolutionConfigurationPlatforms) = preSolution
		Debug|Any CPU = Debug|Any CPU
	EndGlobalSection
	GlobalSection(ProjectConfigurationPlatforms) = postSolution
		{6A3552AC-8313-4427-A7AA-F3D19845EECE}.Debug|Any CPU.ActiveCfg = Debug|Any CPU
		{6A3552AC-8313-4427-A7AA-F3D19845EECE}.Debug|Any CPU.Build.0 = Debug|Any CPU
	EndGlobalSection
	GlobalSection(SolutionProperties) = preSolution
		HideSolutionNode = FALSE
	EndGlobalSection
	GlobalSection(ExtensibilityGlobals) = postSolution
		VisualSVNWorkingCopyRoot = ..
	EndGlobalSection
EndGlobal
